# This file is @generated by PDM.
# It is not intended for manual editing.

[metadata]
groups = ["default"]
strategy = []
lock_version = "4.5.0"
content_hash = "sha256:dee8dcb3b0c498ad76bb6c3477a0addcfd2ce35105611d64f3e6bdcc68814fa7"

[[metadata.targets]]
requires_python = ">=3.13"

[[package]]
name = "librt"
version = "0.7.3"
summary = ""
files = [
    {file = "librt-0.7.3-cp313-cp313-macosx_10_13_x86_64.whl", hash = "sha256:56f2a47beda8409061bc1c865bef2d4bd9ff9255219402c0817e68ab5ad89aed"},
    {file = "librt-0.7.3-cp313-cp313-macosx_11_0_arm64.whl", hash = "sha256:14569ac5dd38cfccf0a14597a88038fb16811a6fede25c67b79c6d50fc2c8fdc"},
    {file = "librt-0.7.3-cp313-cp313-manylinux1_i686.manylinux_2_28_i686.manylinux_2_5_i686.whl", hash = "sha256:6038ccbd5968325a5d6fd393cf6e00b622a8de545f0994b89dd0f748dcf3e19e"},
    {file = "librt-0.7.3-cp313-cp313-manylinux2014_aarch64.manylinux_2_17_aarch64.manylinux_2_28_aarch64.whl", hash = "sha256:d39079379a9a28e74f4d57dc6357fa310a1977b51ff12239d7271ec7e71d67f5"},
    {file = "librt-0.7.3-cp313-cp313-manylinux2014_x86_64.manylinux_2_17_x86_64.manylinux_2_28_x86_64.whl", hash = "sha256:8837d5a52a2d7aa9f4c3220a8484013aed1d8ad75240d9a75ede63709ef89055"},
    {file = "librt-0.7.3-cp313-cp313-musllinux_1_2_aarch64.whl", hash = "sha256:399bbd7bcc1633c3e356ae274a1deb8781c7bf84d9c7962cc1ae0c6e87837292"},
    {file = "librt-0.7.3-cp313-cp313-musllinux_1_2_i686.whl", hash = "sha256:8d8cf653e798ee4c4e654062b633db36984a1572f68c3aa25e364a0ddfbbb910"},
    {file = "librt-0.7.3-cp313-cp313-musllinux_1_2_x86_64.whl", hash = "sha256:2f03484b54bf4ae80ab2e504a8d99d20d551bfe64a7ec91e218010b467d77093"},
    {file = "librt-0.7.3-cp313-cp313-win32.whl", hash = "sha256:44b3689b040df57f492e02cd4f0bacd1b42c5400e4b8048160c9d5e866de8abe"},
    {file = "librt-0.7.3-cp313-cp313-win_amd64.whl", hash = "sha256:6b407c23f16ccc36614c136251d6b32bf30de7a57f8e782378f1107be008ddb0"},
    {file = "librt-0.7.3-cp313-cp313-win_arm64.whl", hash = "sha256:abfc57cab3c53c4546aee31859ef06753bfc136c9d208129bad23e2eca39155a"},
    {file = "librt-0.7.3-cp314-cp314-macosx_10_13_x86_64.whl", hash = "sha256:120dd21d46ff875e849f1aae19346223cf15656be489242fe884036b23d39e93"},
    {file = "librt-0.7.3-cp314-cp314-macosx_11_0_arm64.whl", hash = "sha256:1617bea5ab31266e152871208502ee943cb349c224846928a1173c864261375e"},
    {file = "librt-0.7.3-cp314-cp314-manylinux1_i686.manylinux_2_28_i686.manylinux_2_5_i686.whl", hash = "sha256:93b2a1f325fefa1482516ced160c8c7b4b8d53226763fa6c93d151fa25164207"},
    {file = "librt-0.7.3-cp314-cp314-manylinux2014_aarch64.manylinux_2_17_aarch64.manylinux_2_28_aarch64.whl", hash = "sha256:f3d4801db8354436fd3936531e7f0e4feb411f62433a6b6cb32bb416e20b529f"},
    {file = "librt-0.7.3-cp314-cp314-manylinux2014_x86_64.manylinux_2_17_x86_64.manylinux_2_28_x86_64.whl", hash = "sha256:11ad45122bbed42cfc8b0597450660126ef28fd2d9ae1a219bc5af8406f95678"},
    {file = "librt-0.7.3-cp314-cp314-musllinux_1_2_aarch64.whl", hash = "sha256:6b4e7bff1d76dd2b46443078519dc75df1b5e01562345f0bb740cea5266d8218"},
    {file = "librt-0.7.3-cp314-cp314-musllinux_1_2_i686.whl", hash = "sha256:d86f94743a11873317094326456b23f8a5788bad9161fd2f0e52088c33564620"},
    {file = "librt-0.7.3-cp314-cp314-musllinux_1_2_x86_64.whl", hash = "sha256:754a0d09997095ad764ccef050dd5bf26cbf457aab9effcba5890dad081d879e"},
    {file = "librt-0.7.3-cp314-cp314-win32.whl", hash = "sha256:fbd7351d43b80d9c64c3cfcb50008f786cc82cba0450e8599fdd64f264320bd3"},
    {file = "librt-0.7.3-cp314-cp314-win_amd64.whl", hash = "sha256:d376a35c6561e81d2590506804b428fc1075fcc6298fc5bb49b771534c0ba010"},
    {file = "librt-0.7.3-cp314-cp314-win_arm64.whl", hash = "sha256:cbdb3f337c88b43c3b49ca377731912c101178be91cb5071aac48faa898e6f8e"},
    {file = "librt-0.7.3-cp314-cp314t-macosx_10_13_x86_64.whl", hash = "sha256:9f0e0927efe87cd42ad600628e595a1a0aa1c64f6d0b55f7e6059079a428641a"},
    {file = "librt-0.7.3-cp314-cp314t-macosx_11_0_arm64.whl", hash = "sha256:020c6db391268bcc8ce75105cb572df8cb659a43fd347366aaa407c366e5117a"},
    {file = "librt-0.7.3-cp314-cp314t-manylinux1_i686.manylinux_2_28_i686.manylinux_2_5_i686.whl", hash = "sha256:7af7785f5edd1f418da09a8cdb9ec84b0213e23d597413e06525340bcce1ea4f"},
    {file = "librt-0.7.3-cp314-cp314t-manylinux2014_aarch64.manylinux_2_17_aarch64.manylinux_2_28_aarch64.whl", hash = "sha256:8ccadf260bb46a61b9c7e89e2218f6efea9f3eeaaab4e3d1f58571890e54858e"},
    {file = "librt-0.7.3-cp314-cp314t-manylinux2014_x86_64.manylinux_2_17_x86_64.manylinux_2_28_x86_64.whl", hash = "sha256:d9883b2d819ce83f87ba82a746c81d14ada78784db431e57cc9719179847376e"},
    {file = "librt-0.7.3-cp314-cp314t-musllinux_1_2_aarch64.whl", hash = "sha256:59cb0470612d21fa1efddfa0dd710756b50d9c7fb6c1236bbf8ef8529331dc70"},
    {file = "librt-0.7.3-cp314-cp314t-musllinux_1_2_i686.whl", hash = "sha256:1fe603877e1865b5fd047a5e40379509a4a60204aa7aa0f72b16f7a41c3f0712"},
    {file = "librt-0.7.3-cp314-cp314t-musllinux_1_2_x86_64.whl", hash = "sha256:5460d99ed30f043595bbdc888f542bad2caeb6226b01c33cda3ae444e8f82d42"},
    {file = "librt-0.7.3-cp314-cp314t-win32.whl", hash = "sha256:d09f677693328503c9e492e33e9601464297c01f9ebd966ea8fc5308f3069bfd"},
    {file = "librt-0.7.3-cp314-cp314t-win_amd64.whl", hash = "sha256:25711f364c64cab2c910a0247e90b51421e45dbc8910ceeb4eac97a9e132fc6f"},
    {file = "librt-0.7.3-cp314-cp314t-win_arm64.whl", hash = "sha256:a9f9b661f82693eb56beb0605156c7fca57f535704ab91837405913417d6990b"},
    {file = "librt-0.7.3.tar.gz", hash = "sha256:3ec50cf65235ff5c02c5b747748d9222e564ad48597122a361269dd3aa808798"},
]

[[package]]
name = "mypy"
version = "1.19.0"
summary = ""
dependencies = [
    "librt",
    "mypy-extensions",
    "pathspec",
    "typing-extensions",
]
files = [
    {file = "mypy-1.19.0-cp313-cp313-macosx_10_13_x86_64.whl", hash = "sha256:7686ed65dbabd24d20066f3115018d2dce030d8fa9db01aa9f0a59b6813e9f9e"},
    {file = "mypy-1.19.0-cp313-cp313-macosx_11_0_arm64.whl", hash = "sha256:fd4a985b2e32f23bead72e2fb4bbe5d6aceee176be471243bd831d5b2644672d"},
    {file = "mypy-1.19.0-cp313-cp313-manylinux2014_aarch64.manylinux_2_17_aarch64.manylinux_2_28_aarch64.whl", hash = "sha256:fc51a5b864f73a3a182584b1ac75c404396a17eced54341629d8bdcb644a5bba"},
    {file = "mypy-1.19.0-cp313-cp313-manylinux2014_x86_64.manylinux_2_17_x86_64.manylinux_2_28_x86_64.whl", hash = "sha256:37af5166f9475872034b56c5efdcf65ee25394e9e1d172907b84577120714364"},
    {file = "mypy-1.19.0-cp313-cp313-musllinux_1_2_x86_64.whl", hash = "sha256:510c014b722308c9bd377993bcbf9a07d7e0692e5fa8fc70e639c1eb19fc6bee"},
    {file = "mypy-1.19.0-cp313-cp313-win_amd64.whl", hash = "sha256:cabbee74f29aa9cd3b444ec2f1e4fa5a9d0d746ce7567a6a609e224429781f53"},
    {file = "mypy-1.19.0-cp314-cp314-macosx_10_15_x86_64.whl", hash = "sha256:f2e36bed3c6d9b5f35d28b63ca4b727cb0228e480826ffc8953d1892ddc8999d"},
    {file = "mypy-1.19.0-cp314-cp314-macosx_11_0_arm64.whl", hash = "sha256:a18d8abdda14035c5718acb748faec09571432811af129bf0d9e7b2d6699bf18"},
    {file = "mypy-1.19.0-cp314-cp314-manylinux2014_aarch64.manylinux_2_17_aarch64.manylinux_2_28_aarch64.whl", hash = "sha256:f75e60aca3723a23511948539b0d7ed514dda194bc3755eae0bfc7a6b4887aa7"},
    {file = "mypy-1.19.0-cp314-cp314-manylinux2014_x86_64.manylinux_2_17_x86_64.manylinux_2_28_x86_64.whl", hash = "sha256:8f44f2ae3c58421ee05fe609160343c25f70e3967f6e32792b5a78006a9d850f"},
    {file = "mypy-1.19.0-cp314-cp314-musllinux_1_2_x86_64.whl", hash = "sha256:63ea6a00e4bd6822adbfc75b02ab3653a17c02c4347f5bb0cf1d5b9df3a05835"},
    {file = "mypy-1.19.0-cp314-cp314-win_amd64.whl", hash = "sha256:3ad925b14a0bb99821ff6f734553294aa6a3440a8cb082fe1f5b84dfb662afb1"},
    {file = "mypy-1.19.0-py3-none-any.whl", hash = "sha256:0c01c99d626380752e527d5ce8e69ffbba2046eb8a060db0329690849cf9b6f9"},
    {file = "mypy-1.19.0.tar.gz", hash = "sha256:f6b874ca77f733222641e5c46e4711648c4037ea13646fd0cdc814c2eaec2528"},
]

[[package]]
name = "mypy-extensions"
version = "1.1.0"
summary = ""
files = [
    {file = "mypy_extensions-1.1.0-py3-none-any.whl", hash = "sha256:1be4cccdb0f2482337c4743e60421de3a356cd97508abadd57d47403e94f5505"},
    {file = "mypy_extensions-1.1.0.tar.gz", hash = "sha256:52e68efc3284861e772bbcd66823fde5ae21fd2fdb51c62a211403730b916558"},
]

[[package]]
name = "pathspec"
version = "0.12.1"
summary = ""
files = [
    {file = "pathspec-0.12.1-py3-none-any.whl", hash = "sha256:a0d503e138a4c123b27490a4f7beda6a01c6f288df0e4a8b79c7eb0dc7b4cc08"},
    {file = "pathspec-0.12.1.tar.gz", hash = "sha256:a482d51503a1ab33b1c67a6c3813a26953dbdc71c31dacaef9a838c4e29f5712"},
]

[[package]]
name = "pypdf"
version = "6.4.1"
summary = ""
files = [
    {file = "pypdf-6.4.1-py3-none-any.whl", hash = "sha256:1782ee0766f0b77defc305f1eb2bafe738a2ef6313f3f3d2ee85b4542ba7e535"},
    {file = "pypdf-6.4.1.tar.gz", hash = "sha256:36eb0b52730fc3077d2b8d4122751e696d46af9ef9e5383db492df1ab0cc4647"},
]

[[package]]
name = "ruff"
version = "0.14.8"
summary = ""
files = [
    {file = "ruff-0.14.8-py3-none-linux_armv6l.whl", hash = "sha256:ec071e9c82eca417f6111fd39f7043acb53cd3fde9b1f95bbed745962e345afb"},
    {file = "ruff-0.14.8-py3-none-macosx_10_12_x86_64.whl", hash = "sha256:8cdb162a7159f4ca36ce980a18c43d8f036966e7f73f866ac8f493b75e0c27e9"},
    {file = "ruff-0.14.8-py3-none-macosx_11_0_arm64.whl", hash = "sha256:2e2fcbefe91f9fad0916850edf0854530c15bd1926b6b779de47e9ab619ea38f"},
    {file = "ruff-0.14.8-py3-none-manylinux_2_17_aarch64.manylinux2014_aarch64.whl", hash = "sha256:a9d70721066a296f45786ec31916dc287b44040f553da21564de0ab4d45a869b"},
    {file = "ruff-0.14.8-py3-none-manylinux_2_17_armv7l.manylinux2014_armv7l.whl", hash = "sha256:2c87e09b3cd9d126fc67a9ecd3b5b1d3ded2b9c7fce3f16e315346b9d05cfb52"},
    {file = "ruff-0.14.8-py3-none-manylinux_2_17_i686.manylinux2014_i686.whl", hash = "sha256:1d62cb310c4fbcb9ee4ac023fe17f984ae1e12b8a4a02e3d21489f9a2a5f730c"},
    {file = "ruff-0.14.8-py3-none-manylinux_2_17_ppc64.manylinux2014_ppc64.whl", hash = "sha256:1af35c2d62633d4da0521178e8a2641c636d2a7153da0bac1b30cfd4ccd91344"},
    {file = "ruff-0.14.8-py3-none-manylinux_2_17_ppc64le.manylinux2014_ppc64le.whl", hash = "sha256:25add4575ffecc53d60eed3f24b1e934493631b48ebbc6ebaf9d8517924aca4b"},
    {file = "ruff-0.14.8-py3-none-manylinux_2_17_s390x.manylinux2014_s390x.whl", hash = "sha256:4c943d847b7f02f7db4201a0600ea7d244d8a404fbb639b439e987edcf2baf9a"},
    {file = "ruff-0.14.8-py3-none-manylinux_2_17_x86_64.manylinux2014_x86_64.whl", hash = "sha256:cb6e8bf7b4f627548daa1b69283dac5a296bfe9ce856703b03130732e20ddfe2"},
    {file = "ruff-0.14.8-py3-none-manylinux_2_31_riscv64.whl", hash = "sha256:7aaf2974f378e6b01d1e257c6948207aec6a9b5ba53fab23d0182efb887a0e4a"},
    {file = "ruff-0.14.8-py3-none-musllinux_1_2_aarch64.whl", hash = "sha256:e5758ca513c43ad8a4ef13f0f081f80f08008f410790f3611a21a92421ab045b"},
    {file = "ruff-0.14.8-py3-none-musllinux_1_2_armv7l.whl", hash = "sha256:f74f7ba163b6e85a8d81a590363bf71618847e5078d90827749bfda1d88c9cdf"},
    {file = "ruff-0.14.8-py3-none-musllinux_1_2_i686.whl", hash = "sha256:eed28f6fafcc9591994c42254f5a5c5ca40e69a30721d2ab18bb0bb3baac3ab6"},
    {file = "ruff-0.14.8-py3-none-musllinux_1_2_x86_64.whl", hash = "sha256:21d48fa744c9d1cb8d71eb0a740c4dd02751a5de9db9a730a8ef75ca34cf138e"},
    {file = "ruff-0.14.8-py3-none-win32.whl", hash = "sha256:15f04cb45c051159baebb0f0037f404f1dc2f15a927418f29730f411a79bc4e7"},
    {file = "ruff-0.14.8-py3-none-win_amd64.whl", hash = "sha256:9eeb0b24242b5bbff3011409a739929f497f3fb5fe3b5698aba5e77e8c833097"},
    {file = "ruff-0.14.8-py3-none-win_arm64.whl", hash = "sha256:965a582c93c63fe715fd3e3f8aa37c4b776777203d8e1d8aa3cc0c14424a4b99"},
    {file = "ruff-0.14.8.tar.gz", hash = "sha256:774ed0dd87d6ce925e3b8496feb3a00ac564bea52b9feb551ecd17e0a23d1eed"},
]

[[package]]
name = "typing-extensions"
version = "4.15.0"
summary = ""
files = [
    {file = "typing_extensions-4.15.0-py3-none-any.whl", hash = "sha256:f0fa19c6845758ab08074a0cfa8b7aecb71c999ca73d62883bc25cc018c4e548"},
    {file = "typing_extensions-4.15.0.tar.gz", hash = "sha256:0cea48d173cc12fa28ecabc3b837ea3cf6f38c6d1136f85cbaaf598984861466"},
]
